// !$*UTF8*$!
{
	archiveVersion = 1;
	classes = {
	};
	objectVersion = 50;
	objects = {

/* Begin PBXBuildFile section */
		BC738C7024CFC28F00AA0ACA /* AppDelegate.swift in Sources */ = {isa = PBXBuildFile; fileRef = BC738C6F24CFC28F00AA0ACA /* AppDelegate.swift */; };
		BC738C7224CFC28F00AA0ACA /* SceneDelegate.swift in Sources */ = {isa = PBXBuildFile; fileRef = BC738C7124CFC28F00AA0ACA /* SceneDelegate.swift */; };
		BC738C7424CFC28F00AA0ACA /* ViewController.swift in Sources */ = {isa = PBXBuildFile; fileRef = BC738C7324CFC28F00AA0ACA /* ViewController.swift */; };
		BC738C7724CFC28F00AA0ACA /* Main.storyboard in Resources */ = {isa = PBXBuildFile; fileRef = BC738C7524CFC28F00AA0ACA /* Main.storyboard */; };
		BC738C7924CFC29100AA0ACA /* Assets.xcassets in Resources */ = {isa = PBXBuildFile; fileRef = BC738C7824CFC29100AA0ACA /* Assets.xcassets */; };
		BC738C7C24CFC29100AA0ACA /* LaunchScreen.storyboard in Resources */ = {isa = PBXBuildFile; fileRef = BC738C7A24CFC29100AA0ACA /* LaunchScreen.storyboard */; };
/* End PBXBuildFile section */

/* Begin PBXFileReference section */
		BC738C6C24CFC28F00AA0ACA /* youtube-createbuild.app */ = {isa = PBXFileReference; explicitFileType = wrapper.application; includeInIndex = 0; path = "youtube-createbuild.app"; sourceTree = BUILT_PRODUCTS_DIR; };
		BC738C6F24CFC28F00AA0ACA /* AppDelegate.swift */ = {isa = PBXFileReference; lastKnownFileType = sourcecode.swift; path = AppDelegate.swift; sourceTree = "<group>"; };
		BC738C7124CFC28F00AA0ACA /* SceneDelegate.swift */ = {isa = PBXFileReference; lastKnownFileType = sourcecode.swift; path = SceneDelegate.swift; sourceTree = "<group>"; };
		BC738C7324CFC28F00AA0ACA /* ViewController.swift */ = {isa = PBXFileReference; lastKnownFileType = sourcecode.swift; path = ViewController.swift; sourceTree = "<group>"; };
		BC738C7624CFC28F00AA0ACA /* Base */ = {isa = PBXFileReference; lastKnownFileType = file.storyboard; name = Base; path = Base.lproj/Main.storyboard; sourceTree = "<group>"; };
		BC738C7824CFC29100AA0ACA /* Assets.xcassets */ = {isa = PBXFileReference; lastKnownFileType = folder.assetcatalog; path = Assets.xcassets; sourceTree = "<group>"; };
		BC738C7B24CFC29100AA0ACA /* Base */ = {isa = PBXFileReference; lastKnownFileType = file.storyboard; name = Base; path = Base.lproj/LaunchScreen.storyboard; sourceTree = "<group>"; };
		BC738C7D24CFC29100AA0ACA /* Info.plist */ = {isa = PBXFileReference; lastKnownFileType = text.plist.xml; path = Info.plist; sourceTree = "<group>"; };
/* End PBXFileReference section */

/* Begin PBXFrameworksBuildPhase section */
		BC738C6924CFC28F00AA0ACA /* Frameworks */ = {
			isa = PBXFrameworksBuildPhase;
			buildActionMask = 2147483647;
			files = (
			);
			runOnlyForDeploymentPostprocessing = 0;
		};
/* End PBXFrameworksBuildPhase section */

/* Begin PBXGroup section */
		BC738C6324CFC28F00AA0ACA = {
			isa = PBXGroup;
			children = (
				BC738C6E24CFC28F00AA0ACA /* youtube-createbuild */,
				BC738C6D24CFC28F00AA0ACA /* Products */,
			);
			sourceTree = "<group>";
		};
		BC738C6D24CFC28F00AA0ACA /* Products */ = {
			isa = PBXGroup;
			children = (
				BC738C6C24CFC28F00AA0ACA /* youtube-createbuild.app */,
			);
			name = Products;
			sourceTree = "<group>";
		};
		BC738C6E24CFC28F00AA0ACA /* youtube-createbuild */ = {
			isa = PBXGroup;
			children = (
				BC738C6F24CFC28F00AA0ACA /* AppDelegate.swift */,
				BC738C7124CFC28F00AA0ACA /* SceneDelegate.swift */,
				BC738C7324CFC28F00AA0ACA /* ViewController.swift */,
				BC738C7524CFC28F00AA0ACA /* Main.storyboard */,
				BC738C7824CFC29100AA0ACA /* Assets.xcassets */,
				BC738C7A24CFC29100AA0ACA /* LaunchScreen.storyboard */,
				BC738C7D24CFC29100AA0ACA /* Info.plist */,
			);
			path = "youtube-createbuild";
			sourceTree = "<group>";
		};
/* End PBXGroup section */

/* Begin PBXNativeTarget section */
		BC738C6B24CFC28F00AA0ACA /* youtube-createbuild */ = {
			isa = PBXNativeTarget;
			buildConfigurationList = BC738C8024CFC29100AA0ACA /* Build configuration list for PBXNativeTarget "youtube-createbuild" */;
			buildPhases = (
				BC738C6824CFC28F00AA0ACA /* Sources */,
				BC738C6924CFC28F00AA0ACA /* Frameworks */,
				BC738C6A24CFC28F00AA0ACA /* Resources */,
			);
			buildRules = (
			);
			dependencies = (
			);
			name = "youtube-createbuild";
			productName = "youtube-createbuild";
			productReference = BC738C6C24CFC28F00AA0ACA /* youtube-createbuild.app */;
			productType = "com.apple.product-type.application";
		};
/* End PBXNativeTarget section */

/* Begin PBXProject section */
		BC738C6424CFC28F00AA0ACA /* Project object */ = {
			isa = PBXProject;
			attributes = {
				LastSwiftUpdateCheck = 1140;
				LastUpgradeCheck = 1140;
				ORGANIZATIONNAME = "DNA-Z";
				TargetAttributes = {
					BC738C6B24CFC28F00AA0ACA = {
						CreatedOnToolsVersion = 11.4.1;
					};
				};
			};
			buildConfigurationList = BC738C6724CFC28F00AA0ACA /* Build configuration list for PBXProject "youtube-createbuild" */;
			compatibilityVersion = "Xcode 9.3";
			developmentRegion = en;
			hasScannedForEncodings = 0;
			knownRegions = (
				en,
				Base,
			);
			mainGroup = BC738C6324CFC28F00AA0ACA;
			productRefGroup = BC738C6D24CFC28F00AA0ACA /* Products */;
			projectDirPath = "";
			projectRoot = "";
			targets = (
				BC738C6B24CFC28F00AA0ACA /* youtube-createbuild */,
			);
		};
/* End PBXProject section */

/* Begin PBXResourcesBuildPhase section */
		BC738C6A24CFC28F00AA0ACA /* Resources */ = {
			isa = PBXResourcesBuildPhase;
			buildActionMask = 2147483647;
			files = (
				BC738C7C24CFC29100AA0ACA /* LaunchScreen.storyboard in Resources */,
				BC738C7924CFC29100AA0ACA /* Assets.xcassets in Resources */,
				BC738C7724CFC28F00AA0ACA /* Main.storyboard in Resources */,
			);
			runOnlyForDeploymentPostprocessing = 0;
		};
/* End PBXResourcesBuildPhase section */

/* Begin PBXSourcesBuildPhase section */
		BC738C6824CFC28F00AA0ACA /* Sources */ = {
			isa = PBXSourcesBuildPhase;
			buildActionMask = 2147483647;
			files = (
				BC738C7424CFC28F00AA0ACA /* ViewController.swift in Sources */,
				BC738C7024CFC28F00AA0ACA /* AppDelegate.swift in Sources */,
				BC738C7224CFC28F00AA0ACA /* SceneDelegate.swift in Sources */,
			);
			runOnlyForDeploymentPostprocessing = 0;
		};
/* End PBXSourcesBuildPhase section */

/* Begin PBXVariantGroup section */
		BC738C7524CFC28F00AA0ACA /* Main.storyboard */ = {
			isa = PBXVariantGroup;
			children = (
				BC738C7624CFC28F00AA0ACA /* Base */,
			);
			name = Main.storyboard;
			sourceTree = "<group>";
		};
		BC738C7A24CFC29100AA0ACA /* LaunchScreen.storyboard */ = {
			isa = PBXVariantGroup;
			children = (
				BC738C7B24CFC29100AA0ACA /* Base */,
			);
			name = LaunchScreen.storyboard;
			sourceTree = "<group>";
		};
/* End PBXVariantGroup section */

/* Begin XCBuildConfiguration section */
		BC738C7E24CFC29100AA0ACA /* Debug */ = {
			isa = XCBuildConfiguration;
			buildSettings = {
				ALWAYS_SEARCH_USER_PATHS = NO;
				CLANG_ANALYZER_NONNULL = YES;
				CLANG_ANALYZER_NUMBER_OBJECT_CONVERSION = YES_AGGRESSIVE;
				CLANG_CXX_LANGUAGE_STANDARD = "gnu++14";
				CLANG_CXX_LIBRARY = "libc++";
				CLANG_ENABLE_MODULES = YES;
				CLANG_ENABLE_OBJC_ARC = YES;
				CLANG_ENABLE_OBJC_WEAK = YES;
				CLANG_WARN_BLOCK_CAPTURE_AUTORELEASING = YES;
				CLANG_WARN_BOOL_CONVERSION = YES;
				CLANG_WARN_COMMA = YES;
				CLANG_WARN_CONSTANT_CONVERSION = YES;
				CLANG_WARN_DEPRECATED_OBJC_IMPLEMENTATIONS = YES;
				CLANG_WARN_DIRECT_OBJC_ISA_USAGE = YES_ERROR;
				CLANG_WARN_DOCUMENTATION_COMMENTS = YES;
				CLANG_WARN_EMPTY_BODY = YES;
				CLANG_WARN_ENUM_CONVERSION = YES;
				CLANG_WARN_INFINITE_RECURSION = YES;
				CLANG_WARN_INT_CONVERSION = YES;
				CLANG_WARN_NON_LITERAL_NULL_CONVERSION = YES;
				CLANG_WARN_OBJC_IMPLICIT_RETAIN_SELF = YES;
				CLANG_WARN_OBJC_LITERAL_CONVERSION = YES;
				CLANG_WARN_OBJC_ROOT_CLASS = YES_ERROR;
				CLANG_WARN_RANGE_LOOP_ANALYSIS = YES;
				CLANG_WARN_STRICT_PROTOTYPES = YES;
				CLANG_WARN_SUSPICIOUS_MOVE = YES;
				CLANG_WARN_UNGUARDED_AVAILABILITY = YES_AGGRESSIVE;
				CLANG_WARN_UNREACHABLE_CODE = YES;
				CLANG_WARN__DUPLICATE_METHOD_MATCH = YES;
				COPY_PHASE_STRIP = NO;
				DEBUG_INFORMATION_FORMAT = dwarf;
				ENABLE_STRICT_OBJC_MSGSEND = YES;
				ENABLE_TESTABILITY = YES;
				GCC_C_LANGUAGE_STANDARD = gnu11;
				GCC_DYNAMIC_NO_PIC = NO;
				GCC_NO_COMMON_BLOCKS = YES;
				GCC_OPTIMIZATION_LEVEL = 0;
				GCC_PREPROCESSOR_DEFINITIONS = (
					"DEBUG=1",
					"$(inherited)",
				);
				GCC_WARN_64_TO_32_BIT_CONVERSION = YES;
				GCC_WARN_ABOUT_RETURN_TYPE = YES_ERROR;
				GCC_WARN_UNDECLARED_SELECTOR = YES;
				GCC_WARN_UNINITIALIZED_AUTOS = YES_AGGRESSIVE;
				GCC_WARN_UNUSED_FUNCTION = YES;
				GCC_WARN_UNUSED_VARIABLE = YES;
				IPHONEOS_DEPLOYMENT_TARGET = 13.4;
				MTL_ENABLE_DEBUG_INFO = INCLUDE_SOURCE;
				MTL_FAST_MATH = YES;
				ONLY_ACTIVE_ARCH = YES;
				SDKROOT = iphoneos;
				SWIFT_ACTIVE_COMPILATION_CONDITIONS = DEBUG;
				SWIFT_OPTIMIZATION_LEVEL = "-Onone";
			};
			name = Debug;
		};
		BC738C7F24CFC29100AA0ACA /* Release */ = {
			isa = XCBuildConfiguration;
			buildSettings = {
				ALWAYS_SEARCH_USER_PATHS = NO;
				CLANG_ANALYZER_NONNULL = YES;
				CLANG_ANALYZER_NUMBER_OBJECT_CONVERSION = YES_AGGRESSIVE;
				CLANG_CXX_LANGUAGE_STANDARD = "gnu++14";
				CLANG_CXX_LIBRARY = "libc++";
				CLANG_ENABLE_MODULES = YES;
				CLANG_ENABLE_OBJC_ARC = YES;
				CLANG_ENABLE_OBJC_WEAK = YES;
				CLANG_WARN_BLOCK_CAPTURE_AUTORELEASING = YES;
				CLANG_WARN_BOOL_CONVERSION = YES;
				CLANG_WARN_COMMA = YES;
				CLANG_WARN_CONSTANT_CONVERSION = YES;
				CLANG_WARN_DEPRECATED_OBJC_IMPLEMENTATIONS = YES;
				CLANG_WARN_DIRECT_OBJC_ISA_USAGE = YES_ERROR;
				CLANG_WARN_DOCUMENTATION_COMMENTS = YES;
				CLANG_WARN_EMPTY_BODY = YES;
				CLANG_WARN_ENUM_CONVERSION = YES;
				CLANG_WARN_INFINITE_RECURSION = YES;
				CLANG_WARN_INT_CONVERSION = YES;
				CLANG_WARN_NON_LITERAL_NULL_CONVERSION = YES;
				CLANG_WARN_OBJC_IMPLICIT_RETAIN_SELF = YES;
				CLANG_WARN_OBJC_LITERAL_CONVERSION = YES;
				CLANG_WARN_OBJC_ROOT_CLASS = YES_ERROR;
				CLANG_WARN_RANGE_LOOP_ANALYSIS = YES;
				CLANG_WARN_STRICT_PROTOTYPES = YES;
				CLANG_WARN_SUSPICIOUS_MOVE = YES;
				CLANG_WARN_UNGUARDED_AVAILABILITY = YES_AGGRESSIVE;
				CLANG_WARN_UNREACHABLE_CODE = YES;
				CLANG_WARN__DUPLICATE_METHOD_MATCH = YES;
				COPY_PHASE_STRIP = NO;
				DEBUG_INFORMATION_FORMAT = "dwarf-with-dsym";
				ENABLE_NS_ASSERTIONS = NO;
				ENABLE_STRICT_OBJC_MSGSEND = YES;
				GCC_C_LANGUAGE_STANDARD = gnu11;
				GCC_NO_COMMON_BLOCKS = YES;
				GCC_WARN_64_TO_32_BIT_CONVERSION = YES;
				GCC_WARN_ABOUT_RETURN_TYPE = YES_ERROR;
				GCC_WARN_UNDECLARED_SELECTOR = YES;
				GCC_WARN_UNINITIALIZED_AUTOS = YES_AGGRESSIVE;
				GCC_WARN_UNUSED_FUNCTION = YES;
				GCC_WARN_UNUSED_VARIABLE = YES;
				IPHONEOS_DEPLOYMENT_TARGET = 13.4;
				MTL_ENABLE_DEBUG_INFO = NO;
				MTL_FAST_MATH = YES;
				SDKROOT = iphoneos;
				SWIFT_COMPILATION_MODE = wholemodule;
				SWIFT_OPTIMIZATION_LEVEL = "-O";
				VALIDATE_PRODUCT = YES;
			};
			name = Release;
		};
		BC738C8124CFC29100AA0ACA /* Debug */ = {
			isa = XCBuildConfiguration;
			buildSettings = {
				ASSETCATALOG_COMPILER_APPICON_NAME = AppIcon;
				CODE_SIGN_STYLE = Automatic;
				INFOPLIST_FILE = "youtube-createbuild/Info.plist";
				LD_RUNPATH_SEARCH_PATHS = (
					"$(inherited)",
					"@executable_path/Frameworks",
				);
				PRODUCT_BUNDLE_IDENTIFIER = "com.dnamicro.youtube-createbuild";
				PRODUCT_NAME = "$(TARGET_NAME)";
				SWIFT_VERSION = 5.0;
				TARGETED_DEVICE_FAMILY = "1,2";
			};
			name = Debug;
		};
		BC738C8224CFC29100AA0ACA /* Release */ = {
			isa = XCBuildConfiguration;
			buildSettings = {
				ASSETCATALOG_COMPILER_APPICON_NAME = AppIcon;
				CODE_SIGN_STYLE = Automatic;
				INFOPLIST_FILE = "youtube-createbuild/Info.plist";
				LD_RUNPATH_SEARCH_PATHS = (
					"$(inherited)",
					"@executable_path/Frameworks",
				);
				PRODUCT_BUNDLE_IDENTIFIER = "com.dnamicro.youtube-createbuild";
				PRODUCT_NAME = "$(TARGET_NAME)";
				SWIFT_VERSION = 5.0;
				TARGETED_DEVICE_FAMILY = "1,2";
			};
			name = Release;
		};
/* End XCBuildConfiguration section */

/* Begin XCConfigurationList section */
		BC738C6724CFC28F00AA0ACA /* Build configuration list for PBXProject "youtube-createbuild" */ = {
			isa = XCConfigurationList;
			buildConfigurations = (
				BC738C7E24CFC29100AA0ACA /* Debug */,
				BC738C7F24CFC29100AA0ACA /* Release */,
			);
			defaultConfigurationIsVisible = 0;
			defaultConfigurationName = Release;
		};
		BC738C8024CFC29100AA0ACA /* Build configuration list for PBXNativeTarget "youtube-createbuild" */ = {
			isa = XCConfigurationList;
			buildConfigurations = (
				BC738C8124CFC29100AA0ACA /* Debug */,
				BC738C8224CFC29100AA0ACA /* Release */,
			);
			defaultConfigurationIsVisible = 0;
			defaultConfigurationName = Release;
		};
/* End XCConfigurationList section */
	};
	rootObject = BC738C6424CFC28F00AA0ACA /* Project object */;
}
